
Microsoft Visual Studio Solution File, Format Version 12.00
# Visual Studio 15
VisualStudioVersion = 15.0.27130.2003
MinimumVisualStudioVersion = 10.0.40219.1
Project("{FAE04EC0-301F-11D3-BF4B-00C04F79EFBC}") = "FileSystemMonitor", "FileSystemMonitor\FileSystemMonitor.csproj", "{F86E11CC-1C25-494D-BB6B-38D7B9037F9E}"
EndProject
Global
	GlobalSection(SolutionConfigurationPlatforms) = preSolution
		Debug|Any CPU = Debug|Any CPU
		Release|Any CPU = Release|Any CPU
	EndGlobalSection
	GlobalSection(ProjectConfigurationPlatforms) = postSolution
		{F86E11CC-1C25-494D-BB6B-38D7B9037F9E}.Debug|Any CPU.ActiveCfg = Debug|Any CPU
		{F86E11CC-1C25-494D-BB6B-38D7B9037F9E}.Debug|Any CPU.Build.0 = Debug|Any CPU
		{F86E11CC-1C25-494D-BB6B-38D7B9037F9E}.Release|Any CPU.ActiveCfg = Release|Any CPU
		{F86E11CC-1C25-494D-BB6B-38D7B9037F9E}.Release|Any CPU.Build.0 = Release|Any CPU
	EndGlobalSection
	GlobalSection(SolutionProperties) = preSolution
		HideSolutionNode = FALSE
	EndGlobalSection
	GlobalSection(ExtensibilityGlobals) = postSolution
		SolutionGuid = {501D2CE1-D10D-4C96-BEA2-B9617FB4ACD8}
	EndGlobalSection
EndGlobal
